// !$*UTF8*$!
{
	archiveVersion = 1;
	classes = {
	};
	objectVersion = 46;
	objects = {

/* Begin PBXBuildFile section */
		490A5AF916C1D25F0062F36F /* WebviewViewController.m in Sources */ = {isa = PBXBuildFile; fileRef = 490A5AF816C1D25F0062F36F /* WebviewViewController.m */; };
		490A5AFE16C1D9730062F36F /* MarqueeLabel.m in Sources */ = {isa = PBXBuildFile; fileRef = 490A5AFD16C1D9730062F36F /* MarqueeLabel.m */; };
		490A5B0116C1D9990062F36F /* HomeViewController.m in Sources */ = {isa = PBXBuildFile; fileRef = 490A5B0016C1D9990062F36F /* HomeViewController.m */; };
		490A5B0316C1DA900062F36F /* QuartzCore.framework in Frameworks */ = {isa = PBXBuildFile; fileRef = 490A5B0216C1DA900062F36F /* QuartzCore.framework */; };
		490A5B0616C1DC390062F36F /* ReminderCenter.m in Sources */ = {isa = PBXBuildFile; fileRef = 490A5B0516C1DC390062F36F /* ReminderCenter.m */; };
		490A5B0916C1DD170062F36F /* Reminder.m in Sources */ = {isa = PBXBuildFile; fileRef = 490A5B0816C1DD170062F36F /* Reminder.m */; };
		4939165B16C2D86C00F9365D /* MBProgressHUD.m in Sources */ = {isa = PBXBuildFile; fileRef = 4939165A16C2D86C00F9365D /* MBProgressHUD.m */; };
		494D0E3416B84BAB00354964 /* UIKit.framework in Frameworks */ = {isa = PBXBuildFile; fileRef = 494D0E3316B84BAB00354964 /* UIKit.framework */; };
		494D0E3616B84BAB00354964 /* Foundation.framework in Frameworks */ = {isa = PBXBuildFile; fileRef = 494D0E3516B84BAB00354964 /* Foundation.framework */; };
		494D0E3816B84BAB00354964 /* CoreGraphics.framework in Frameworks */ = {isa = PBXBuildFile; fileRef = 494D0E3716B84BAB00354964 /* CoreGraphics.framework */; };
		494D0E3E16B84BAB00354964 /* InfoPlist.strings in Resources */ = {isa = PBXBuildFile; fileRef = 494D0E3C16B84BAB00354964 /* InfoPlist.strings */; };
		494D0E4016B84BAB00354964 /* main.m in Sources */ = {isa = PBXBuildFile; fileRef = 494D0E3F16B84BAB00354964 /* main.m */; };
		494D0E4416B84BAB00354964 /* AppDelegate.m in Sources */ = {isa = PBXBuildFile; fileRef = 494D0E4316B84BAB00354964 /* AppDelegate.m */; };
		494D0E4616B84BAB00354964 /* Default.png in Resources */ = {isa = PBXBuildFile; fileRef = 494D0E4516B84BAB00354964 /* Default.png */; };
		494D0E4816B84BAB00354964 /* Default@2x.png in Resources */ = {isa = PBXBuildFile; fileRef = 494D0E4716B84BAB00354964 /* Default@2x.png */; };
		494D0E4A16B84BAB00354964 /* Default-568h@2x.png in Resources */ = {isa = PBXBuildFile; fileRef = 494D0E4916B84BAB00354964 /* Default-568h@2x.png */; };
		494D0E5F16B84F7300354964 /* AttendanceViewController.m in Sources */ = {isa = PBXBuildFile; fileRef = 494D0E5E16B84F7300354964 /* AttendanceViewController.m */; };
		494D0E6216B84FE900354964 /* AttendanceCell.m in Sources */ = {isa = PBXBuildFile; fileRef = 494D0E6116B84FE900354964 /* AttendanceCell.m */; };
		494D0E6416B8509300354964 /* AttendanceCell.xib in Resources */ = {isa = PBXBuildFile; fileRef = 494D0E6316B8509300354964 /* AttendanceCell.xib */; };
		4960AFA116B8590900F16ED6 /* AttendanceModel.m in Sources */ = {isa = PBXBuildFile; fileRef = 4960AFA016B8590900F16ED6 /* AttendanceModel.m */; };
		4960AFAA16B85CF400F16ED6 /* AddEmployeeViewController.m in Sources */ = {isa = PBXBuildFile; fileRef = 4960AFA916B85CF400F16ED6 /* AddEmployeeViewController.m */; };
		4960AFB216B8633600F16ED6 /* CoreData.framework in Frameworks */ = {isa = PBXBuildFile; fileRef = 4960AFB116B8633600F16ED6 /* CoreData.framework */; };
		4960AFB816B8707D00F16ED6 /* EmployeeViewController.m in Sources */ = {isa = PBXBuildFile; fileRef = 4960AFB716B8707D00F16ED6 /* EmployeeViewController.m */; };
		4960AFC416B8759600F16ED6 /* IncidentViewController.m in Sources */ = {isa = PBXBuildFile; fileRef = 4960AFC316B8759600F16ED6 /* IncidentViewController.m */; };
		4968BB6016C43D40002600AF /* CustomAlert.m in Sources */ = {isa = PBXBuildFile; fileRef = 4968BB5F16C43CD3002600AF /* CustomAlert.m */; settings = {COMPILER_FLAGS = "-fno-objc-arc"; }; };
		496DFF5616C6D70D00111136 /* PayrollData in Resources */ = {isa = PBXBuildFile; fileRef = 496DFF5516C6D70D00111136 /* PayrollData */; };
		496DFF5716C6D82D00111136 /* PayrollData in Sources */ = {isa = PBXBuildFile; fileRef = 496DFF5516C6D70D00111136 /* PayrollData */; };
		49AB41F316C1E39E007AA467 /* RemindersViewController.m in Sources */ = {isa = PBXBuildFile; fileRef = 49AB41F216C1E39E007AA467 /* RemindersViewController.m */; };
		49AB41F616C21551007AA467 /* UIScrollView+SVInfiniteScrolling.m in Sources */ = {isa = PBXBuildFile; fileRef = 49AB41F516C21551007AA467 /* UIScrollView+SVInfiniteScrolling.m */; };
		49AB41F916C222B0007AA467 /* ReminderManagedObject.m in Sources */ = {isa = PBXBuildFile; fileRef = 49AB41F816C222B0007AA467 /* ReminderManagedObject.m */; };
		49AB41FE16C2C93D007AA467 /* iPad.storyboard in Resources */ = {isa = PBXBuildFile; fileRef = 49AB41FA16C2C93D007AA467 /* iPad.storyboard */; };
		49AB41FF16C2C93D007AA467 /* iPhone.storyboard in Resources */ = {isa = PBXBuildFile; fileRef = 49AB41FC16C2C93D007AA467 /* iPhone.storyboard */; };
		49FB66FF16C2CA0D004F576F /* PayrollModel.m in Sources */ = {isa = PBXBuildFile; fileRef = 49FB66FE16C2CA0D004F576F /* PayrollModel.m */; };
		F753793116B8A1A000DEFD48 /* PayrollNotificationsViewController.m in Sources */ = {isa = PBXBuildFile; fileRef = F753793016B8A1A000DEFD48 /* PayrollNotificationsViewController.m */; };
		F79A34E916BD8FAE00ACAABB /* Database.m in Sources */ = {isa = PBXBuildFile; fileRef = F79A34E816BD8FAE00ACAABB /* Database.m */; };
		F79A34EC16BDAB4600ACAABB /* EmployeeRecord.m in Sources */ = {isa = PBXBuildFile; fileRef = 4960AFB416B8639300F16ED6 /* EmployeeRecord.m */; };
		F79A34ED16BDABE500ACAABB /* Data.xcdatamodeld in Sources */ = {isa = PBXBuildFile; fileRef = 4960AFA516B85B5400F16ED6 /* Data.xcdatamodeld */; };
		F79A34F616BDAFDC00ACAABB /* EmployeeRecordManagedObject.m in Sources */ = {isa = PBXBuildFile; fileRef = F79A34F516BDAFDC00ACAABB /* EmployeeRecordManagedObject.m */; };
		F7EFBFE316B9CCAD00C46D04 /* PayrollPeriodViewController.m in Sources */ = {isa = PBXBuildFile; fileRef = F7EFBFE216B9CCAD00C46D04 /* PayrollPeriodViewController.m */; };
		FAA2F1BB16B8AA80009466A1 /* testNotification.m in Sources */ = {isa = PBXBuildFile; fileRef = FAA2F1BA16B8AA80009466A1 /* testNotification.m */; };
/* End PBXBuildFile section */

/* Begin PBXFileReference section */
		490A5AF716C1D25F0062F36F /* WebviewViewController.h */ = {isa = PBXFileReference; fileEncoding = 4; lastKnownFileType = sourcecode.c.h; path = WebviewViewController.h; sourceTree = "<group>"; };
		490A5AF816C1D25F0062F36F /* WebviewViewController.m */ = {isa = PBXFileReference; fileEncoding = 4; lastKnownFileType = sourcecode.c.objc; path = WebviewViewController.m; sourceTree = "<group>"; };
		490A5AFC16C1D9730062F36F /* MarqueeLabel.h */ = {isa = PBXFileReference; fileEncoding = 4; lastKnownFileType = sourcecode.c.h; path = MarqueeLabel.h; sourceTree = "<group>"; };
		490A5AFD16C1D9730062F36F /* MarqueeLabel.m */ = {isa = PBXFileReference; fileEncoding = 4; lastKnownFileType = sourcecode.c.objc; path = MarqueeLabel.m; sourceTree = "<group>"; };
		490A5AFF16C1D9990062F36F /* HomeViewController.h */ = {isa = PBXFileReference; fileEncoding = 4; lastKnownFileType = sourcecode.c.h; path = HomeViewController.h; sourceTree = "<group>"; };
		490A5B0016C1D9990062F36F /* HomeViewController.m */ = {isa = PBXFileReference; fileEncoding = 4; lastKnownFileType = sourcecode.c.objc; path = HomeViewController.m; sourceTree = "<group>"; };
		490A5B0216C1DA900062F36F /* QuartzCore.framework */ = {isa = PBXFileReference; lastKnownFileType = wrapper.framework; name = QuartzCore.framework; path = System/Library/Frameworks/QuartzCore.framework; sourceTree = SDKROOT; };
		490A5B0416C1DC390062F36F /* ReminderCenter.h */ = {isa = PBXFileReference; fileEncoding = 4; lastKnownFileType = sourcecode.c.h; path = ReminderCenter.h; sourceTree = "<group>"; };
		490A5B0516C1DC390062F36F /* ReminderCenter.m */ = {isa = PBXFileReference; fileEncoding = 4; lastKnownFileType = sourcecode.c.objc; path = ReminderCenter.m; sourceTree = "<group>"; };
		490A5B0716C1DD170062F36F /* Reminder.h */ = {isa = PBXFileReference; fileEncoding = 4; lastKnownFileType = sourcecode.c.h; path = Reminder.h; sourceTree = "<group>"; };
		490A5B0816C1DD170062F36F /* Reminder.m */ = {isa = PBXFileReference; fileEncoding = 4; lastKnownFileType = sourcecode.c.objc; path = Reminder.m; sourceTree = "<group>"; };
		4939165916C2D86C00F9365D /* MBProgressHUD.h */ = {isa = PBXFileReference; fileEncoding = 4; lastKnownFileType = sourcecode.c.h; path = MBProgressHUD.h; sourceTree = "<group>"; };
		4939165A16C2D86C00F9365D /* MBProgressHUD.m */ = {isa = PBXFileReference; fileEncoding = 4; lastKnownFileType = sourcecode.c.objc; path = MBProgressHUD.m; sourceTree = "<group>"; };
		4939165C16C2D8BA00F9365D /* Constants.h */ = {isa = PBXFileReference; fileEncoding = 4; lastKnownFileType = sourcecode.c.h; path = Constants.h; sourceTree = "<group>"; };
		494D0E2F16B84BAB00354964 /* MobileBinder.app */ = {isa = PBXFileReference; explicitFileType = wrapper.application; includeInIndex = 0; path = MobileBinder.app; sourceTree = BUILT_PRODUCTS_DIR; };
		494D0E3316B84BAB00354964 /* UIKit.framework */ = {isa = PBXFileReference; lastKnownFileType = wrapper.framework; name = UIKit.framework; path = System/Library/Frameworks/UIKit.framework; sourceTree = SDKROOT; };
		494D0E3516B84BAB00354964 /* Foundation.framework */ = {isa = PBXFileReference; lastKnownFileType = wrapper.framework; name = Foundation.framework; path = System/Library/Frameworks/Foundation.framework; sourceTree = SDKROOT; };
		494D0E3716B84BAB00354964 /* CoreGraphics.framework */ = {isa = PBXFileReference; lastKnownFileType = wrapper.framework; name = CoreGraphics.framework; path = System/Library/Frameworks/CoreGraphics.framework; sourceTree = SDKROOT; };
		494D0E3B16B84BAB00354964 /* MobileBinder-Info.plist */ = {isa = PBXFileReference; lastKnownFileType = text.plist.xml; path = "MobileBinder-Info.plist"; sourceTree = "<group>"; };
		494D0E3D16B84BAB00354964 /* en */ = {isa = PBXFileReference; lastKnownFileType = text.plist.strings; name = en; path = en.lproj/InfoPlist.strings; sourceTree = "<group>"; };
		494D0E3F16B84BAB00354964 /* main.m */ = {isa = PBXFileReference; lastKnownFileType = sourcecode.c.objc; path = main.m; sourceTree = "<group>"; };
		494D0E4116B84BAB00354964 /* MobileBinder-Prefix.pch */ = {isa = PBXFileReference; lastKnownFileType = sourcecode.c.h; path = "MobileBinder-Prefix.pch"; sourceTree = "<group>"; };
		494D0E4216B84BAB00354964 /* AppDelegate.h */ = {isa = PBXFileReference; lastKnownFileType = sourcecode.c.h; path = AppDelegate.h; sourceTree = "<group>"; };
		494D0E4316B84BAB00354964 /* AppDelegate.m */ = {isa = PBXFileReference; lastKnownFileType = sourcecode.c.objc; path = AppDelegate.m; sourceTree = "<group>"; };
		494D0E4516B84BAB00354964 /* Default.png */ = {isa = PBXFileReference; lastKnownFileType = image.png; path = Default.png; sourceTree = "<group>"; };
		494D0E4716B84BAB00354964 /* Default@2x.png */ = {isa = PBXFileReference; lastKnownFileType = image.png; path = "Default@2x.png"; sourceTree = "<group>"; };
		494D0E4916B84BAB00354964 /* Default-568h@2x.png */ = {isa = PBXFileReference; lastKnownFileType = image.png; path = "Default-568h@2x.png"; sourceTree = "<group>"; };
		494D0E5D16B84F7300354964 /* AttendanceViewController.h */ = {isa = PBXFileReference; fileEncoding = 4; lastKnownFileType = sourcecode.c.h; path = AttendanceViewController.h; sourceTree = "<group>"; };
		494D0E5E16B84F7300354964 /* AttendanceViewController.m */ = {isa = PBXFileReference; fileEncoding = 4; lastKnownFileType = sourcecode.c.objc; path = AttendanceViewController.m; sourceTree = "<group>"; };
		494D0E6016B84FE900354964 /* AttendanceCell.h */ = {isa = PBXFileReference; fileEncoding = 4; lastKnownFileType = sourcecode.c.h; path = AttendanceCell.h; sourceTree = "<group>"; };
		494D0E6116B84FE900354964 /* AttendanceCell.m */ = {isa = PBXFileReference; fileEncoding = 4; lastKnownFileType = sourcecode.c.objc; path = AttendanceCell.m; sourceTree = "<group>"; };
		494D0E6316B8509300354964 /* AttendanceCell.xib */ = {isa = PBXFileReference; fileEncoding = 4; lastKnownFileType = file.xib; path = AttendanceCell.xib; sourceTree = "<group>"; };
		4960AF9F16B8590900F16ED6 /* AttendanceModel.h */ = {isa = PBXFileReference; fileEncoding = 4; lastKnownFileType = sourcecode.c.h; path = AttendanceModel.h; sourceTree = "<group>"; };
		4960AFA016B8590900F16ED6 /* AttendanceModel.m */ = {isa = PBXFileReference; fileEncoding = 4; lastKnownFileType = sourcecode.c.objc; path = AttendanceModel.m; sourceTree = "<group>"; };
		4960AFA616B85B5400F16ED6 /* Data.xcdatamodel */ = {isa = PBXFileReference; lastKnownFileType = wrapper.xcdatamodel; path = Data.xcdatamodel; sourceTree = "<group>"; };
		4960AFA816B85CF400F16ED6 /* AddEmployeeViewController.h */ = {isa = PBXFileReference; fileEncoding = 4; lastKnownFileType = sourcecode.c.h; path = AddEmployeeViewController.h; sourceTree = "<group>"; };
		4960AFA916B85CF400F16ED6 /* AddEmployeeViewController.m */ = {isa = PBXFileReference; fileEncoding = 4; lastKnownFileType = sourcecode.c.objc; path = AddEmployeeViewController.m; sourceTree = "<group>"; };
		4960AFB116B8633600F16ED6 /* CoreData.framework */ = {isa = PBXFileReference; lastKnownFileType = wrapper.framework; name = CoreData.framework; path = System/Library/Frameworks/CoreData.framework; sourceTree = SDKROOT; };
		4960AFB316B8639300F16ED6 /* EmployeeRecord.h */ = {isa = PBXFileReference; fileEncoding = 4; lastKnownFileType = sourcecode.c.h; path = EmployeeRecord.h; sourceTree = "<group>"; };
		4960AFB416B8639300F16ED6 /* EmployeeRecord.m */ = {isa = PBXFileReference; fileEncoding = 4; lastKnownFileType = sourcecode.c.objc; path = EmployeeRecord.m; sourceTree = "<group>"; };
		4960AFB616B8707D00F16ED6 /* EmployeeViewController.h */ = {isa = PBXFileReference; fileEncoding = 4; lastKnownFileType = sourcecode.c.h; path = EmployeeViewController.h; sourceTree = "<group>"; };
		4960AFB716B8707D00F16ED6 /* EmployeeViewController.m */ = {isa = PBXFileReference; fileEncoding = 4; lastKnownFileType = sourcecode.c.objc; path = EmployeeViewController.m; sourceTree = "<group>"; };
		4960AFC216B8759600F16ED6 /* IncidentViewController.h */ = {isa = PBXFileReference; fileEncoding = 4; lastKnownFileType = sourcecode.c.h; path = IncidentViewController.h; sourceTree = "<group>"; };
		4960AFC316B8759600F16ED6 /* IncidentViewController.m */ = {isa = PBXFileReference; fileEncoding = 4; lastKnownFileType = sourcecode.c.objc; path = IncidentViewController.m; sourceTree = "<group>"; };
		4968BB5E16C43CD3002600AF /* CustomAlert.h */ = {isa = PBXFileReference; lastKnownFileType = sourcecode.c.h; path = CustomAlert.h; sourceTree = "<group>"; };
		4968BB5F16C43CD3002600AF /* CustomAlert.m */ = {isa = PBXFileReference; lastKnownFileType = sourcecode.c.objc; path = CustomAlert.m; sourceTree = "<group>"; };
		496DFF5516C6D70D00111136 /* PayrollData */ = {isa = PBXFileReference; fileEncoding = 4; lastKnownFileType = text; path = PayrollData; sourceTree = "<group>"; };
		49AB41F116C1E39E007AA467 /* RemindersViewController.h */ = {isa = PBXFileReference; fileEncoding = 4; lastKnownFileType = sourcecode.c.h; path = RemindersViewController.h; sourceTree = "<group>"; };
		49AB41F216C1E39E007AA467 /* RemindersViewController.m */ = {isa = PBXFileReference; fileEncoding = 4; lastKnownFileType = sourcecode.c.objc; path = RemindersViewController.m; sourceTree = "<group>"; };
		49AB41F416C21551007AA467 /* UIScrollView+SVInfiniteScrolling.h */ = {isa = PBXFileReference; fileEncoding = 4; lastKnownFileType = sourcecode.c.h; path = "UIScrollView+SVInfiniteScrolling.h"; sourceTree = "<group>"; };
		49AB41F516C21551007AA467 /* UIScrollView+SVInfiniteScrolling.m */ = {isa = PBXFileReference; fileEncoding = 4; lastKnownFileType = sourcecode.c.objc; path = "UIScrollView+SVInfiniteScrolling.m"; sourceTree = "<group>"; };
		49AB41F716C222B0007AA467 /* ReminderManagedObject.h */ = {isa = PBXFileReference; fileEncoding = 4; lastKnownFileType = sourcecode.c.h; path = ReminderManagedObject.h; sourceTree = "<group>"; };
		49AB41F816C222B0007AA467 /* ReminderManagedObject.m */ = {isa = PBXFileReference; fileEncoding = 4; lastKnownFileType = sourcecode.c.objc; path = ReminderManagedObject.m; sourceTree = "<group>"; };
		49AB41FB16C2C93D007AA467 /* en */ = {isa = PBXFileReference; lastKnownFileType = file.storyboard; name = en; path = en.lproj/iPad.storyboard; sourceTree = "<group>"; };
		49AB41FD16C2C93D007AA467 /* en */ = {isa = PBXFileReference; lastKnownFileType = file.storyboard; name = en; path = en.lproj/iPhone.storyboard; sourceTree = "<group>"; };
		49FB66FD16C2CA0D004F576F /* PayrollModel.h */ = {isa = PBXFileReference; fileEncoding = 4; lastKnownFileType = sourcecode.c.h; path = PayrollModel.h; sourceTree = "<group>"; };
		49FB66FE16C2CA0D004F576F /* PayrollModel.m */ = {isa = PBXFileReference; fileEncoding = 4; lastKnownFileType = sourcecode.c.objc; path = PayrollModel.m; sourceTree = "<group>"; };
		F753792F16B8A1A000DEFD48 /* PayrollNotificationsViewController.h */ = {isa = PBXFileReference; fileEncoding = 4; lastKnownFileType = sourcecode.c.h; path = PayrollNotificationsViewController.h; sourceTree = "<group>"; };
		F753793016B8A1A000DEFD48 /* PayrollNotificationsViewController.m */ = {isa = PBXFileReference; fileEncoding = 4; lastKnownFileType = sourcecode.c.objc; path = PayrollNotificationsViewController.m; sourceTree = "<group>"; };
		F79A34E716BD8FAE00ACAABB /* Database.h */ = {isa = PBXFileReference; fileEncoding = 4; lastKnownFileType = sourcecode.c.h; path = Database.h; sourceTree = "<group>"; };
		F79A34E816BD8FAE00ACAABB /* Database.m */ = {isa = PBXFileReference; fileEncoding = 4; lastKnownFileType = sourcecode.c.objc; path = Database.m; sourceTree = "<group>"; };
		F79A34F416BDAFDC00ACAABB /* EmployeeRecordManagedObject.h */ = {isa = PBXFileReference; fileEncoding = 4; lastKnownFileType = sourcecode.c.h; path = EmployeeRecordManagedObject.h; sourceTree = "<group>"; };
		F79A34F516BDAFDC00ACAABB /* EmployeeRecordManagedObject.m */ = {isa = PBXFileReference; fileEncoding = 4; lastKnownFileType = sourcecode.c.objc; path = EmployeeRecordManagedObject.m; sourceTree = "<group>"; };
		F7EFBFE116B9CCAD00C46D04 /* PayrollPeriodViewController.h */ = {isa = PBXFileReference; fileEncoding = 4; lastKnownFileType = sourcecode.c.h; path = PayrollPeriodViewController.h; sourceTree = "<group>"; };
		F7EFBFE216B9CCAD00C46D04 /* PayrollPeriodViewController.m */ = {isa = PBXFileReference; fileEncoding = 4; lastKnownFileType = sourcecode.c.objc; path = PayrollPeriodViewController.m; sourceTree = "<group>"; };
		FAA2F1B916B8AA80009466A1 /* testNotification.h */ = {isa = PBXFileReference; fileEncoding = 4; lastKnownFileType = sourcecode.c.h; path = testNotification.h; sourceTree = "<group>"; };
		FAA2F1BA16B8AA80009466A1 /* testNotification.m */ = {isa = PBXFileReference; fileEncoding = 4; lastKnownFileType = sourcecode.c.objc; path = testNotification.m; sourceTree = "<group>"; };
/* End PBXFileReference section */

/* Begin PBXFrameworksBuildPhase section */
		494D0E2C16B84BAB00354964 /* Frameworks */ = {
			isa = PBXFrameworksBuildPhase;
			buildActionMask = 2147483647;
			files = (
				490A5B0316C1DA900062F36F /* QuartzCore.framework in Frameworks */,
				4960AFB216B8633600F16ED6 /* CoreData.framework in Frameworks */,
				494D0E3416B84BAB00354964 /* UIKit.framework in Frameworks */,
				494D0E3616B84BAB00354964 /* Foundation.framework in Frameworks */,
				494D0E3816B84BAB00354964 /* CoreGraphics.framework in Frameworks */,
			);
			runOnlyForDeploymentPostprocessing = 0;
		};
/* End PBXFrameworksBuildPhase section */

/* Begin PBXGroup section */
		490A5AFA16C1D95A0062F36F /* Library */ = {
			isa = PBXGroup;
			children = (
				4968BB5E16C43CD3002600AF /* CustomAlert.h */,
				4968BB5F16C43CD3002600AF /* CustomAlert.m */,
				4939165916C2D86C00F9365D /* MBProgressHUD.h */,
				4939165A16C2D86C00F9365D /* MBProgressHUD.m */,
				490A5AFC16C1D9730062F36F /* MarqueeLabel.h */,
				490A5AFD16C1D9730062F36F /* MarqueeLabel.m */,
				49AB41F416C21551007AA467 /* UIScrollView+SVInfiniteScrolling.h */,
				49AB41F516C21551007AA467 /* UIScrollView+SVInfiniteScrolling.m */,
				4939165C16C2D8BA00F9365D /* Constants.h */,
			);
			name = Library;
			sourceTree = "<group>";
		};
		490A5B0A16C1DD1F0062F36F /* Reminders */ = {
			isa = PBXGroup;
			children = (
				490A5B0716C1DD170062F36F /* Reminder.h */,
				490A5B0816C1DD170062F36F /* Reminder.m */,
				490A5B0416C1DC390062F36F /* ReminderCenter.h */,
				490A5B0516C1DC390062F36F /* ReminderCenter.m */,
				49AB41F716C222B0007AA467 /* ReminderManagedObject.h */,
				49AB41F816C222B0007AA467 /* ReminderManagedObject.m */,
				49AB41F116C1E39E007AA467 /* RemindersViewController.h */,
				49AB41F216C1E39E007AA467 /* RemindersViewController.m */,
			);
			name = Reminders;
			sourceTree = "<group>";
		};
		4939165816C2CADD00F9365D /* Supporting_Files */ = {
			isa = PBXGroup;
			children = (
				494D0E4216B84BAB00354964 /* AppDelegate.h */,
				494D0E4316B84BAB00354964 /* AppDelegate.m */,
				494D0E4916B84BAB00354964 /* Default-568h@2x.png */,
				494D0E4516B84BAB00354964 /* Default.png */,
				494D0E4716B84BAB00354964 /* Default@2x.png */,
				494D0E3C16B84BAB00354964 /* InfoPlist.strings */,
				494D0E3F16B84BAB00354964 /* main.m */,
				494D0E3B16B84BAB00354964 /* MobileBinder-Info.plist */,
				494D0E4116B84BAB00354964 /* MobileBinder-Prefix.pch */,
			);
			name = Supporting_Files;
			sourceTree = "<group>";
		};
		494D0E2416B84BAB00354964 = {
			isa = PBXGroup;
			children = (
				494D0E3916B84BAB00354964 /* MobileBinder */,
				494D0E3216B84BAB00354964 /* Frameworks */,
				494D0E3016B84BAB00354964 /* Products */,
			);
			sourceTree = "<group>";
		};
		494D0E3016B84BAB00354964 /* Products */ = {
			isa = PBXGroup;
			children = (
				494D0E2F16B84BAB00354964 /* MobileBinder.app */,
			);
			name = Products;
			sourceTree = "<group>";
		};
		494D0E3216B84BAB00354964 /* Frameworks */ = {
			isa = PBXGroup;
			children = (
				490A5B0216C1DA900062F36F /* QuartzCore.framework */,
				4960AFB116B8633600F16ED6 /* CoreData.framework */,
				494D0E3316B84BAB00354964 /* UIKit.framework */,
				494D0E3516B84BAB00354964 /* Foundation.framework */,
				494D0E3716B84BAB00354964 /* CoreGraphics.framework */,
			);
			name = Frameworks;
			sourceTree = "<group>";
		};
		494D0E3916B84BAB00354964 /* MobileBinder */ = {
			isa = PBXGroup;
			children = (
				49FB670016C2CA21004F576F /* Attendance */,
				4960AFA516B85B5400F16ED6 /* Data.xcdatamodeld */,
				F79A34E716BD8FAE00ACAABB /* Database.h */,
				F79A34E816BD8FAE00ACAABB /* Database.m */,
				490A5AFF16C1D9990062F36F /* HomeViewController.h */,
				490A5B0016C1D9990062F36F /* HomeViewController.m */,
				49AB41FA16C2C93D007AA467 /* iPad.storyboard */,
				49AB41FC16C2C93D007AA467 /* iPhone.storyboard */,
				490A5AFA16C1D95A0062F36F /* Library */,
				49FB670116C2CA50004F576F /* Payroll */,
				490A5B0A16C1DD1F0062F36F /* Reminders */,
				4939165816C2CADD00F9365D /* Supporting_Files */,
				FAA2F1B916B8AA80009466A1 /* testNotification.h */,
				FAA2F1BA16B8AA80009466A1 /* testNotification.m */,
				490A5AF716C1D25F0062F36F /* WebviewViewController.h */,
				490A5AF816C1D25F0062F36F /* WebviewViewController.m */,
			);
			path = MobileBinder;
			sourceTree = "<group>";
		};
		49FB670016C2CA21004F576F /* Attendance */ = {
			isa = PBXGroup;
			children = (
				4960AFA816B85CF400F16ED6 /* AddEmployeeViewController.h */,
				4960AFA916B85CF400F16ED6 /* AddEmployeeViewController.m */,
				494D0E6016B84FE900354964 /* AttendanceCell.h */,
				494D0E6116B84FE900354964 /* AttendanceCell.m */,
				494D0E6316B8509300354964 /* AttendanceCell.xib */,
				4960AF9F16B8590900F16ED6 /* AttendanceModel.h */,
				4960AFA016B8590900F16ED6 /* AttendanceModel.m */,
				494D0E5D16B84F7300354964 /* AttendanceViewController.h */,
				494D0E5E16B84F7300354964 /* AttendanceViewController.m */,
				4960AFB316B8639300F16ED6 /* EmployeeRecord.h */,
				4960AFB416B8639300F16ED6 /* EmployeeRecord.m */,
				F79A34F416BDAFDC00ACAABB /* EmployeeRecordManagedObject.h */,
				F79A34F516BDAFDC00ACAABB /* EmployeeRecordManagedObject.m */,
				4960AFB616B8707D00F16ED6 /* EmployeeViewController.h */,
				4960AFB716B8707D00F16ED6 /* EmployeeViewController.m */,
				4960AFC216B8759600F16ED6 /* IncidentViewController.h */,
				4960AFC316B8759600F16ED6 /* IncidentViewController.m */,
			);
			name = Attendance;
			sourceTree = "<group>";
		};
		49FB670116C2CA50004F576F /* Payroll */ = {
			isa = PBXGroup;
			children = (
				49FB66FD16C2CA0D004F576F /* PayrollModel.h */,
				49FB66FE16C2CA0D004F576F /* PayrollModel.m */,
				F753792F16B8A1A000DEFD48 /* PayrollNotificationsViewController.h */,
				F753793016B8A1A000DEFD48 /* PayrollNotificationsViewController.m */,
				F7EFBFE116B9CCAD00C46D04 /* PayrollPeriodViewController.h */,
				F7EFBFE216B9CCAD00C46D04 /* PayrollPeriodViewController.m */,
				496DFF5516C6D70D00111136 /* PayrollData */,
			);
			name = Payroll;
			sourceTree = "<group>";
		};
/* End PBXGroup section */

/* Begin PBXNativeTarget section */
		494D0E2E16B84BAB00354964 /* MobileBinder */ = {
			isa = PBXNativeTarget;
			buildConfigurationList = 494D0E5616B84BAB00354964 /* Build configuration list for PBXNativeTarget "MobileBinder" */;
			buildPhases = (
				494D0E2B16B84BAB00354964 /* Sources */,
				494D0E2C16B84BAB00354964 /* Frameworks */,
				494D0E2D16B84BAB00354964 /* Resources */,
			);
			buildRules = (
			);
			dependencies = (
			);
			name = MobileBinder;
			productName = MobileBinder;
			productReference = 494D0E2F16B84BAB00354964 /* MobileBinder.app */;
			productType = "com.apple.product-type.application";
		};
/* End PBXNativeTarget section */

/* Begin PBXProject section */
		494D0E2616B84BAB00354964 /* Project object */ = {
			isa = PBXProject;
			attributes = {
				LastUpgradeCheck = 0450;
				ORGANIZATIONNAME = "Duke University";
			};
			buildConfigurationList = 494D0E2916B84BAB00354964 /* Build configuration list for PBXProject "MobileBinder" */;
			compatibilityVersion = "Xcode 3.2";
			developmentRegion = English;
			hasScannedForEncodings = 0;
			knownRegions = (
				en,
			);
			mainGroup = 494D0E2416B84BAB00354964;
			productRefGroup = 494D0E3016B84BAB00354964 /* Products */;
			projectDirPath = "";
			projectRoot = "";
			targets = (
				494D0E2E16B84BAB00354964 /* MobileBinder */,
			);
		};
/* End PBXProject section */

/* Begin PBXResourcesBuildPhase section */
		494D0E2D16B84BAB00354964 /* Resources */ = {
			isa = PBXResourcesBuildPhase;
			buildActionMask = 2147483647;
			files = (
				494D0E3E16B84BAB00354964 /* InfoPlist.strings in Resources */,
				494D0E4616B84BAB00354964 /* Default.png in Resources */,
				494D0E4816B84BAB00354964 /* Default@2x.png in Resources */,
				494D0E4A16B84BAB00354964 /* Default-568h@2x.png in Resources */,
				494D0E6416B8509300354964 /* AttendanceCell.xib in Resources */,
				49AB41FE16C2C93D007AA467 /* iPad.storyboard in Resources */,
				49AB41FF16C2C93D007AA467 /* iPhone.storyboard in Resources */,
				496DFF5616C6D70D00111136 /* PayrollData in Resources */,
			);
			runOnlyForDeploymentPostprocessing = 0;
		};
/* End PBXResourcesBuildPhase section */

/* Begin PBXSourcesBuildPhase section */
		494D0E2B16B84BAB00354964 /* Sources */ = {
			isa = PBXSourcesBuildPhase;
			buildActionMask = 2147483647;
			files = (
				496DFF5716C6D82D00111136 /* PayrollData in Sources */,
				4968BB6016C43D40002600AF /* CustomAlert.m in Sources */,
				F79A34ED16BDABE500ACAABB /* Data.xcdatamodeld in Sources */,
				F79A34EC16BDAB4600ACAABB /* EmployeeRecord.m in Sources */,
				494D0E4016B84BAB00354964 /* main.m in Sources */,
				494D0E4416B84BAB00354964 /* AppDelegate.m in Sources */,
				494D0E5F16B84F7300354964 /* AttendanceViewController.m in Sources */,
				494D0E6216B84FE900354964 /* AttendanceCell.m in Sources */,
				4960AFA116B8590900F16ED6 /* AttendanceModel.m in Sources */,
				4960AFAA16B85CF400F16ED6 /* AddEmployeeViewController.m in Sources */,
				4960AFB816B8707D00F16ED6 /* EmployeeViewController.m in Sources */,
				4960AFC416B8759600F16ED6 /* IncidentViewController.m in Sources */,
				F753793116B8A1A000DEFD48 /* PayrollNotificationsViewController.m in Sources */,
				FAA2F1BB16B8AA80009466A1 /* testNotification.m in Sources */,
				F7EFBFE316B9CCAD00C46D04 /* PayrollPeriodViewController.m in Sources */,
				F79A34E916BD8FAE00ACAABB /* Database.m in Sources */,
				F79A34F616BDAFDC00ACAABB /* EmployeeRecordManagedObject.m in Sources */,
				490A5AF916C1D25F0062F36F /* WebviewViewController.m in Sources */,
				490A5AFE16C1D9730062F36F /* MarqueeLabel.m in Sources */,
				490A5B0116C1D9990062F36F /* HomeViewController.m in Sources */,
				490A5B0616C1DC390062F36F /* ReminderCenter.m in Sources */,
				490A5B0916C1DD170062F36F /* Reminder.m in Sources */,
				49AB41F316C1E39E007AA467 /* RemindersViewController.m in Sources */,
				49AB41F616C21551007AA467 /* UIScrollView+SVInfiniteScrolling.m in Sources */,
				49AB41F916C222B0007AA467 /* ReminderManagedObject.m in Sources */,
				49FB66FF16C2CA0D004F576F /* PayrollModel.m in Sources */,
				4939165B16C2D86C00F9365D /* MBProgressHUD.m in Sources */,
			);
			runOnlyForDeploymentPostprocessing = 0;
		};
/* End PBXSourcesBuildPhase section */

/* Begin PBXVariantGroup section */
		494D0E3C16B84BAB00354964 /* InfoPlist.strings */ = {
			isa = PBXVariantGroup;
			children = (
				494D0E3D16B84BAB00354964 /* en */,
			);
			name = InfoPlist.strings;
			sourceTree = "<group>";
		};
		49AB41FA16C2C93D007AA467 /* iPad.storyboard */ = {
			isa = PBXVariantGroup;
			children = (
				49AB41FB16C2C93D007AA467 /* en */,
			);
			name = iPad.storyboard;
			sourceTree = "<group>";
		};
		49AB41FC16C2C93D007AA467 /* iPhone.storyboard */ = {
			isa = PBXVariantGroup;
			children = (
				49AB41FD16C2C93D007AA467 /* en */,
			);
			name = iPhone.storyboard;
			sourceTree = "<group>";
		};
/* End PBXVariantGroup section */

/* Begin XCBuildConfiguration section */
		494D0E5416B84BAB00354964 /* Debug */ = {
			isa = XCBuildConfiguration;
			buildSettings = {
				ALWAYS_SEARCH_USER_PATHS = NO;
				CLANG_CXX_LANGUAGE_STANDARD = "gnu++0x";
				CLANG_CXX_LIBRARY = "libc++";
				CLANG_ENABLE_OBJC_ARC = YES;
				CLANG_WARN_EMPTY_BODY = YES;
				CLANG_WARN__DUPLICATE_METHOD_MATCH = YES;
				"CODE_SIGN_IDENTITY[sdk=iphoneos*]" = "iPhone Developer";
				COPY_PHASE_STRIP = NO;
				GCC_C_LANGUAGE_STANDARD = gnu99;
				GCC_DYNAMIC_NO_PIC = NO;
				GCC_OPTIMIZATION_LEVEL = 0;
				GCC_PREPROCESSOR_DEFINITIONS = (
					"DEBUG=1",
					"$(inherited)",
				);
				GCC_SYMBOLS_PRIVATE_EXTERN = NO;
				GCC_WARN_ABOUT_RETURN_TYPE = YES;
				GCC_WARN_UNINITIALIZED_AUTOS = YES;
				GCC_WARN_UNUSED_VARIABLE = YES;
				IPHONEOS_DEPLOYMENT_TARGET = 6.0;
				ONLY_ACTIVE_ARCH = YES;
				SDKROOT = iphoneos;
				TARGETED_DEVICE_FAMILY = "1,2";
			};
			name = Debug;
		};
		494D0E5516B84BAB00354964 /* Release */ = {
			isa = XCBuildConfiguration;
			buildSettings = {
				ALWAYS_SEARCH_USER_PATHS = NO;
				CLANG_CXX_LANGUAGE_STANDARD = "gnu++0x";
				CLANG_CXX_LIBRARY = "libc++";
				CLANG_ENABLE_OBJC_ARC = YES;
				CLANG_WARN_EMPTY_BODY = YES;
				CLANG_WARN__DUPLICATE_METHOD_MATCH = YES;
				"CODE_SIGN_IDENTITY[sdk=iphoneos*]" = "iPhone Developer";
				COPY_PHASE_STRIP = YES;
				GCC_C_LANGUAGE_STANDARD = gnu99;
				GCC_WARN_ABOUT_RETURN_TYPE = YES;
				GCC_WARN_UNINITIALIZED_AUTOS = YES;
				GCC_WARN_UNUSED_VARIABLE = YES;
				IPHONEOS_DEPLOYMENT_TARGET = 6.0;
				OTHER_CFLAGS = "-DNS_BLOCK_ASSERTIONS=1";
				SDKROOT = iphoneos;
				TARGETED_DEVICE_FAMILY = "1,2";
				VALIDATE_PRODUCT = YES;
			};
			name = Release;
		};
		494D0E5716B84BAB00354964 /* Debug */ = {
			isa = XCBuildConfiguration;
			buildSettings = {
				CODE_SIGN_IDENTITY = "iPhone Developer: Andrew Patterson (NNKDJN5V6E)";
				GCC_PRECOMPILE_PREFIX_HEADER = YES;
				GCC_PREFIX_HEADER = "MobileBinder/MobileBinder-Prefix.pch";
				INFOPLIST_FILE = "MobileBinder/MobileBinder-Info.plist";
				IPHONEOS_DEPLOYMENT_TARGET = 5.0;
				PRODUCT_NAME = "$(TARGET_NAME)";
				PROVISIONING_PROFILE = "";
				WRAPPER_EXTENSION = app;
			};
			name = Debug;
		};
		494D0E5816B84BAB00354964 /* Release */ = {
			isa = XCBuildConfiguration;
			buildSettings = {
				CODE_SIGN_IDENTITY = "iPhone Developer: Andrew Patterson (NNKDJN5V6E)";
				GCC_PRECOMPILE_PREFIX_HEADER = YES;
				GCC_PREFIX_HEADER = "MobileBinder/MobileBinder-Prefix.pch";
				INFOPLIST_FILE = "MobileBinder/MobileBinder-Info.plist";
				IPHONEOS_DEPLOYMENT_TARGET = 5.0;
				PRODUCT_NAME = "$(TARGET_NAME)";
				PROVISIONING_PROFILE = "";
				WRAPPER_EXTENSION = app;
			};
			name = Release;
		};
/* End XCBuildConfiguration section */

/* Begin XCConfigurationList section */
		494D0E2916B84BAB00354964 /* Build configuration list for PBXProject "MobileBinder" */ = {
			isa = XCConfigurationList;
			buildConfigurations = (
				494D0E5416B84BAB00354964 /* Debug */,
				494D0E5516B84BAB00354964 /* Release */,
			);
			defaultConfigurationIsVisible = 0;
			defaultConfigurationName = Release;
		};
		494D0E5616B84BAB00354964 /* Build configuration list for PBXNativeTarget "MobileBinder" */ = {
			isa = XCConfigurationList;
			buildConfigurations = (
				494D0E5716B84BAB00354964 /* Debug */,
				494D0E5816B84BAB00354964 /* Release */,
			);
			defaultConfigurationIsVisible = 0;
			defaultConfigurationName = Release;
		};
/* End XCConfigurationList section */

/* Begin XCVersionGroup section */
		4960AFA516B85B5400F16ED6 /* Data.xcdatamodeld */ = {
			isa = XCVersionGroup;
			children = (
				4960AFA616B85B5400F16ED6 /* Data.xcdatamodel */,
			);
			currentVersion = 4960AFA616B85B5400F16ED6 /* Data.xcdatamodel */;
			name = Data.xcdatamodeld;
			path = ../Data.xcdatamodeld;
			sourceTree = "<group>";
			versionGroupType = wrapper.xcdatamodel;
		};
/* End XCVersionGroup section */
	};
	rootObject = 494D0E2616B84BAB00354964 /* Project object */;
}
